
Microsoft Visual Studio Solution File, Format Version 12.00
# Visual Studio Version 17
VisualStudioVersion = 17.10.35013.160
MinimumVisualStudioVersion = 10.0.40219.1
Project("{9A19103F-16F7-4668-BE54-9A1E7A4F7556}") = "projectClinic", "projectClinic\projectClinic.csproj", "{DD62CA59-4146-43FA-84AE-9F3080EF241F}"
EndProject
Project("{9A19103F-16F7-4668-BE54-9A1E7A4F7556}") = "TestClinic", "TestClinic\TestClinic.csproj", "{1B613D66-A548-48CB-BFAF-C16682D44356}"
EndProject
Project("{9A19103F-16F7-4668-BE54-9A1E7A4F7556}") = "Clinic.Core", "Clinic.Core\Clinic.Core.csproj", "{255EB024-EC9C-4EC3-A865-C7664D1D3B84}"
EndProject
Project("{9A19103F-16F7-4668-BE54-9A1E7A4F7556}") = "Clinic.Service", "Clinic.Service\Clinic.Service.csproj", "{D01EA47E-716B-4FDB-B571-38A3D1ACFBAB}"
EndProject
Project("{9A19103F-16F7-4668-BE54-9A1E7A4F7556}") = "Clinic.Data", "Clinic.Data\Clinic.Data.csproj", "{C5283BD2-270E-4CAD-A913-2363D0A693AA}"
EndProject
Global
	GlobalSection(SolutionConfigurationPlatforms) = preSolution
		Debug|Any CPU = Debug|Any CPU
		Release|Any CPU = Release|Any CPU
	EndGlobalSection
	GlobalSection(ProjectConfigurationPlatforms) = postSolution
		{DD62CA59-4146-43FA-84AE-9F3080EF241F}.Debug|Any CPU.ActiveCfg = Debug|Any CPU
		{DD62CA59-4146-43FA-84AE-9F3080EF241F}.Debug|Any CPU.Build.0 = Debug|Any CPU
		{DD62CA59-4146-43FA-84AE-9F3080EF241F}.Release|Any CPU.ActiveCfg = Release|Any CPU
		{DD62CA59-4146-43FA-84AE-9F3080EF241F}.Release|Any CPU.Build.0 = Release|Any CPU
		{1B613D66-A548-48CB-BFAF-C16682D44356}.Debug|Any CPU.ActiveCfg = Debug|Any CPU
		{1B613D66-A548-48CB-BFAF-C16682D44356}.Debug|Any CPU.Build.0 = Debug|Any CPU
		{1B613D66-A548-48CB-BFAF-C16682D44356}.Release|Any CPU.ActiveCfg = Release|Any CPU
		{1B613D66-A548-48CB-BFAF-C16682D44356}.Release|Any CPU.Build.0 = Release|Any CPU
		{255EB024-EC9C-4EC3-A865-C7664D1D3B84}.Debug|Any CPU.ActiveCfg = Debug|Any CPU
		{255EB024-EC9C-4EC3-A865-C7664D1D3B84}.Debug|Any CPU.Build.0 = Debug|Any CPU
		{255EB024-EC9C-4EC3-A865-C7664D1D3B84}.Release|Any CPU.ActiveCfg = Release|Any CPU
		{255EB024-EC9C-4EC3-A865-C7664D1D3B84}.Release|Any CPU.Build.0 = Release|Any CPU
		{D01EA47E-716B-4FDB-B571-38A3D1ACFBAB}.Debug|Any CPU.ActiveCfg = Debug|Any CPU
		{D01EA47E-716B-4FDB-B571-38A3D1ACFBAB}.Debug|Any CPU.Build.0 = Debug|Any CPU
		{D01EA47E-716B-4FDB-B571-38A3D1ACFBAB}.Release|Any CPU.ActiveCfg = Release|Any CPU
		{D01EA47E-716B-4FDB-B571-38A3D1ACFBAB}.Release|Any CPU.Build.0 = Release|Any CPU
		{C5283BD2-270E-4CAD-A913-2363D0A693AA}.Debug|Any CPU.ActiveCfg = Debug|Any CPU
		{C5283BD2-270E-4CAD-A913-2363D0A693AA}.Debug|Any CPU.Build.0 = Debug|Any CPU
		{C5283BD2-270E-4CAD-A913-2363D0A693AA}.Release|Any CPU.ActiveCfg = Release|Any CPU
		{C5283BD2-270E-4CAD-A913-2363D0A693AA}.Release|Any CPU.Build.0 = Release|Any CPU
	EndGlobalSection
	GlobalSection(SolutionProperties) = preSolution
		HideSolutionNode = FALSE
	EndGlobalSection
	GlobalSection(ExtensibilityGlobals) = postSolution
		SolutionGuid = {4AE79466-DF9D-47B6-A19A-F6FB296C98C9}
	EndGlobalSection
EndGlobal
